
Microsoft Visual Studio Solution File, Format Version 12.00
# Visual Studio Version 17
VisualStudioVersion = 17.14.36109.1 d17.14
MinimumVisualStudioVersion = 10.0.40219.1
Project("{FAE04EC0-301F-11D3-BF4B-00C04F79EFBC}") = "Chrome", "Chrome\Chrome.csproj", "{6FA7E3E0-091F-4138-801B-8B9A64C1DC15}"
EndProject
Global
	GlobalSection(SolutionConfigurationPlatforms) = preSolution
		Debug|Any CPU = Debug|Any CPU
		Release|Any CPU = Release|Any CPU
	EndGlobalSection
	GlobalSection(ProjectConfigurationPlatforms) = postSolution
		{6FA7E3E0-091F-4138-801B-8B9A64C1DC15}.Debug|Any CPU.ActiveCfg = Debug|Any CPU
		{6FA7E3E0-091F-4138-801B-8B9A64C1DC15}.Debug|Any CPU.Build.0 = Debug|Any CPU
		{6FA7E3E0-091F-4138-801B-8B9A64C1DC15}.Release|Any CPU.ActiveCfg = Release|Any CPU
		{6FA7E3E0-091F-4138-801B-8B9A64C1DC15}.Release|Any CPU.Build.0 = Release|Any CPU
	EndGlobalSection
	GlobalSection(SolutionProperties) = preSolution
		HideSolutionNode = FALSE
	EndGlobalSection
	GlobalSection(ExtensibilityGlobals) = postSolution
		SolutionGuid = {27905D0B-AACC-406F-8145-14014691208B}
	EndGlobalSection
EndGlobal
